
Microsoft Visual Studio Solution File, Format Version 12.00
# Visual Studio Version 16
VisualStudioVersion = 16.0.30204.135
MinimumVisualStudioVersion = 10.0.40219.1
Project("{FAE04EC0-301F-11D3-BF4B-00C04F79EFBC}") = "DSED-05 Cars", "DSED-05 Cars.csproj", "{35867571-996C-429C-864E-976CDCAEB3F7}"
EndProject
Global
	GlobalSection(SolutionConfigurationPlatforms) = preSolution
		Debug|Any CPU = Debug|Any CPU
		Release|Any CPU = Release|Any CPU
	EndGlobalSection
	GlobalSection(ProjectConfigurationPlatforms) = postSolution
		{35867571-996C-429C-864E-976CDCAEB3F7}.Debug|Any CPU.ActiveCfg = Debug|Any CPU
		{35867571-996C-429C-864E-976CDCAEB3F7}.Debug|Any CPU.Build.0 = Debug|Any CPU
		{35867571-996C-429C-864E-976CDCAEB3F7}.Release|Any CPU.ActiveCfg = Release|Any CPU
		{35867571-996C-429C-864E-976CDCAEB3F7}.Release|Any CPU.Build.0 = Release|Any CPU
	EndGlobalSection
	GlobalSection(SolutionProperties) = preSolution
		HideSolutionNode = FALSE
	EndGlobalSection
	GlobalSection(ExtensibilityGlobals) = postSolution
		SolutionGuid = {A7E3C15A-4182-475C-AFC6-EA499F06D5C9}
	EndGlobalSection
EndGlobal
